
Microsoft Visual Studio Solution File, Format Version 12.00
# Visual Studio Version 17
VisualStudioVersion = 17.2.32630.192
MinimumVisualStudioVersion = 10.0.40219.1
Project("{FAE04EC0-301F-11D3-BF4B-00C04F79EFBC}") = "Pluto.Wpf.Controls", "Pluto.Wpf.Controls\Pluto.Wpf.Controls.csproj", "{7F8A3DD2-38C7-494B-B42F-220A0379188A}"
EndProject
Project("{FAE04EC0-301F-11D3-BF4B-00C04F79EFBC}") = "Test", "Test\Test.csproj", "{F5001B49-6773-4853-9362-C973DAF59982}"
EndProject
Global
	GlobalSection(SolutionConfigurationPlatforms) = preSolution
		Debug|Any CPU = Debug|Any CPU
		Release|Any CPU = Release|Any CPU
	EndGlobalSection
	GlobalSection(ProjectConfigurationPlatforms) = postSolution
		{7F8A3DD2-38C7-494B-B42F-220A0379188A}.Debug|Any CPU.ActiveCfg = Debug|Any CPU
		{7F8A3DD2-38C7-494B-B42F-220A0379188A}.Debug|Any CPU.Build.0 = Debug|Any CPU
		{7F8A3DD2-38C7-494B-B42F-220A0379188A}.Release|Any CPU.ActiveCfg = Release|Any CPU
		{7F8A3DD2-38C7-494B-B42F-220A0379188A}.Release|Any CPU.Build.0 = Release|Any CPU
		{F5001B49-6773-4853-9362-C973DAF59982}.Debug|Any CPU.ActiveCfg = Debug|Any CPU
		{F5001B49-6773-4853-9362-C973DAF59982}.Debug|Any CPU.Build.0 = Debug|Any CPU
		{F5001B49-6773-4853-9362-C973DAF59982}.Release|Any CPU.ActiveCfg = Release|Any CPU
		{F5001B49-6773-4853-9362-C973DAF59982}.Release|Any CPU.Build.0 = Release|Any CPU
	EndGlobalSection
	GlobalSection(SolutionProperties) = preSolution
		HideSolutionNode = FALSE
	EndGlobalSection
	GlobalSection(ExtensibilityGlobals) = postSolution
		SolutionGuid = {A7F7C7AA-DAC3-46AA-92E9-05F3358BF914}
	EndGlobalSection
EndGlobal
